
Microsoft Visual Studio Solution File, Format Version 12.00
# Visual Studio 15
VisualStudioVersion = 15.0.27428.2015
MinimumVisualStudioVersion = 10.0.40219.1
Project("{FAE04EC0-301F-11D3-BF4B-00C04F79EFBC}") = "Calendar", "Calendar\Calendar.csproj", "{0C533ADD-F28B-444E-A160-699AFBDFCA98}"
EndProject
Global
	GlobalSection(SolutionConfigurationPlatforms) = preSolution
		Debug|Any CPU = Debug|Any CPU
		Release|Any CPU = Release|Any CPU
	EndGlobalSection
	GlobalSection(ProjectConfigurationPlatforms) = postSolution
		{0C533ADD-F28B-444E-A160-699AFBDFCA98}.Debug|Any CPU.ActiveCfg = Debug|Any CPU
		{0C533ADD-F28B-444E-A160-699AFBDFCA98}.Debug|Any CPU.Build.0 = Debug|Any CPU
		{0C533ADD-F28B-444E-A160-699AFBDFCA98}.Release|Any CPU.ActiveCfg = Release|Any CPU
		{0C533ADD-F28B-444E-A160-699AFBDFCA98}.Release|Any CPU.Build.0 = Release|Any CPU
	EndGlobalSection
	GlobalSection(SolutionProperties) = preSolution
		HideSolutionNode = FALSE
	EndGlobalSection
	GlobalSection(ExtensibilityGlobals) = postSolution
		SolutionGuid = {466E01FE-4627-4F8E-B2E9-0036599043EA}
	EndGlobalSection
EndGlobal
